
Microsoft Visual Studio Solution File, Format Version 12.00
# Visual Studio Version 16
VisualStudioVersion = 16.0.33801.447
MinimumVisualStudioVersion = 10.0.40219.1
Project("{FAE04EC0-301F-11D3-BF4B-00C04F79EFBC}") = "Oracle_Dead_Lock_SIM", "Oracle_Dead_Lock_SIM.csproj", "{06E471D8-F0B9-4419-9F47-F333F0D17AEC}"
EndProject
Global
	GlobalSection(SolutionConfigurationPlatforms) = preSolution
		Debug|Any CPU = Debug|Any CPU
		Release|Any CPU = Release|Any CPU
	EndGlobalSection
	GlobalSection(ProjectConfigurationPlatforms) = postSolution
		{06E471D8-F0B9-4419-9F47-F333F0D17AEC}.Debug|Any CPU.ActiveCfg = Debug|Any CPU
		{06E471D8-F0B9-4419-9F47-F333F0D17AEC}.Debug|Any CPU.Build.0 = Debug|Any CPU
		{06E471D8-F0B9-4419-9F47-F333F0D17AEC}.Release|Any CPU.ActiveCfg = Release|Any CPU
		{06E471D8-F0B9-4419-9F47-F333F0D17AEC}.Release|Any CPU.Build.0 = Release|Any CPU
	EndGlobalSection
	GlobalSection(SolutionProperties) = preSolution
		HideSolutionNode = FALSE
	EndGlobalSection
	GlobalSection(ExtensibilityGlobals) = postSolution
		SolutionGuid = {D8DBF1D8-A6E8-4863-A9A5-6B9899C2E4F3}
	EndGlobalSection
EndGlobal
